
Microsoft Visual Studio Solution File, Format Version 12.00
# Visual Studio Version 16
VisualStudioVersion = 16.0.30621.155
MinimumVisualStudioVersion = 10.0.40219.1
Project("{8BC9CEB8-8B4A-11D0-8D11-00A0C91BC942}") = "Program", "Program\Program.vcxproj", "{8B6836B6-4AC6-4A8D-AA7B-7586B4F3954E}"
EndProject
Project("{8BC9CEB8-8B4A-11D0-8D11-00A0C91BC942}") = "UnitTest", "UnitTest\UnitTest.vcxproj", "{42FCBE27-A692-4963-AEDB-E236BC74B778}"
EndProject
Global
	GlobalSection(SolutionConfigurationPlatforms) = preSolution
		Debug|x64 = Debug|x64
		Debug|x86 = Debug|x86
		Release|x64 = Release|x64
		Release|x86 = Release|x86
	EndGlobalSection
	GlobalSection(ProjectConfigurationPlatforms) = postSolution
		{8B6836B6-4AC6-4A8D-AA7B-7586B4F3954E}.Debug|x64.ActiveCfg = Debug|x64
		{8B6836B6-4AC6-4A8D-AA7B-7586B4F3954E}.Debug|x64.Build.0 = Debug|x64
		{8B6836B6-4AC6-4A8D-AA7B-7586B4F3954E}.Debug|x86.ActiveCfg = Debug|Win32
		{8B6836B6-4AC6-4A8D-AA7B-7586B4F3954E}.Debug|x86.Build.0 = Debug|Win32
		{8B6836B6-4AC6-4A8D-AA7B-7586B4F3954E}.Release|x64.ActiveCfg = Release|x64
		{8B6836B6-4AC6-4A8D-AA7B-7586B4F3954E}.Release|x64.Build.0 = Release|x64
		{8B6836B6-4AC6-4A8D-AA7B-7586B4F3954E}.Release|x86.ActiveCfg = Release|Win32
		{8B6836B6-4AC6-4A8D-AA7B-7586B4F3954E}.Release|x86.Build.0 = Release|Win32
		{42FCBE27-A692-4963-AEDB-E236BC74B778}.Debug|x64.ActiveCfg = Debug|x64
		{42FCBE27-A692-4963-AEDB-E236BC74B778}.Debug|x64.Build.0 = Debug|x64
		{42FCBE27-A692-4963-AEDB-E236BC74B778}.Debug|x86.ActiveCfg = Debug|Win32
		{42FCBE27-A692-4963-AEDB-E236BC74B778}.Debug|x86.Build.0 = Debug|Win32
		{42FCBE27-A692-4963-AEDB-E236BC74B778}.Release|x64.ActiveCfg = Release|x64
		{42FCBE27-A692-4963-AEDB-E236BC74B778}.Release|x64.Build.0 = Release|x64
		{42FCBE27-A692-4963-AEDB-E236BC74B778}.Release|x86.ActiveCfg = Release|Win32
		{42FCBE27-A692-4963-AEDB-E236BC74B778}.Release|x86.Build.0 = Release|Win32
	EndGlobalSection
	GlobalSection(SolutionProperties) = preSolution
		HideSolutionNode = FALSE
	EndGlobalSection
	GlobalSection(ExtensibilityGlobals) = postSolution
		SolutionGuid = {F369257B-2905-4790-8950-AF9A3B574558}
	EndGlobalSection
EndGlobal
